<?xml version="1.0" encoding="utf-8"?>
<Project ToolsVersion="4.0" xmlns="http://schemas.microsoft.com/developer/msbuild/2003">
  <ItemGroup>
    <Filter Include="Исходные файлы">
      <UniqueIdentifier>{4FC737F1-C7A5-4376-A066-2A32D752A2FF}</UniqueIdentifier>
      <Extensions>cpp;c;cc;cxx;c++;def;odl;idl;hpj;bat;asm;asmx</Extensions>
    </Filter>
    <Filter Include="Файлы заголовков">
      <UniqueIdentifier>{93995380-89BD-4b04-88EB-625FBE52EBFB}</UniqueIdentifier>
      <Extensions>h;hh;hpp;hxx;h++;hm;inl;inc;ipp;xsd</Extensions>
    </Filter>
    <Filter Include="Файлы ресурсов">
      <UniqueIdentifier>{67DA6AB6-F800-4c08-8B7A-83BB121AAD01}</UniqueIdentifier>
      <Extensions>rc;ico;cur;bmp;dlg;rc2;rct;bin;rgs;gif;jpg;jpeg;jpe;resx;tiff;tif;png;wav;mfcribbon-ms</Extensions>
    </Filter>
    <Filter Include="Drawable">
      <UniqueIdentifier>{9a9e4d29-06e4-4233-a1f2-c08143841f9c}</UniqueIdentifier>
    </Filter>
    <Filter Include="Components">
      <UniqueIdentifier>{76276855-a314-4c25-a1d8-fc79811fb335}</UniqueIdentifier>
    </Filter>
    <Filter Include="Components\Unit">
      <UniqueIdentifier>{36ae8feb-659a-45be-84a2-e309817ea238}</UniqueIdentifier>
    </Filter>
    <Filter Include="Components\Animation">
      <UniqueIdentifier>{0ee4af64-1075-414e-80cd-17c021fd0a7d}</UniqueIdentifier>
    </Filter>
    <Filter Include="Components\Player">
      <UniqueIdentifier>{4797dcbd-d78b-4077-9a18-9e0383680048}</UniqueIdentifier>
    </Filter>
    <Filter Include="Components\Collision">
      <UniqueIdentifier>{5a1824db-700d-4cd8-a928-966c7375acf3}</UniqueIdentifier>
    </Filter>
    <Filter Include="Game">
      <UniqueIdentifier>{b0230e51-757f-4440-bbc9-b5afaa3c99b3}</UniqueIdentifier>
    </Filter>
    <Filter Include="Components\Camera">
      <UniqueIdentifier>{5207c363-8fa0-47dc-825e-f4d27a50b8a6}</UniqueIdentifier>
    </Filter>
    <Filter Include="GUI">
      <UniqueIdentifier>{8d5fd10d-5986-48d3-b652-d3cc25150938}</UniqueIdentifier>
    </Filter>
    <Filter Include="Math">
      <UniqueIdentifier>{f6a2cb70-9f53-4b4a-af18-6d890843ecc7}</UniqueIdentifier>
    </Filter>
    <Filter Include="Math\Vector2">
      <UniqueIdentifier>{bcbe85ef-416e-4e88-96ea-f45835ede929}</UniqueIdentifier>
    </Filter>
    <Filter Include="Resources">
      <UniqueIdentifier>{2ee86bd5-0026-4ee3-ae75-6e9fdff6c6be}</UniqueIdentifier>
    </Filter>
    <Filter Include="Components\Sprite">
      <UniqueIdentifier>{a8e5fb7d-92aa-42cd-b671-69a9048b0dad}</UniqueIdentifier>
    </Filter>
    <Filter Include="Components\EventSystem">
      <UniqueIdentifier>{819de4f6-3833-438f-b790-277bccac156d}</UniqueIdentifier>
    </Filter>
    <Filter Include="Input">
      <UniqueIdentifier>{3a7ea4fd-9438-422e-b350-1343565fca24}</UniqueIdentifier>
    </Filter>
    <Filter Include="Components\Animator">
      <UniqueIdentifier>{4a36ab6a-fc72-4c63-8324-f10fc891eb2d}</UniqueIdentifier>
    </Filter>
    <Filter Include="Math\DataStruct">
      <UniqueIdentifier>{8713d501-3f32-46b4-9b2a-0b2aa82f7a66}</UniqueIdentifier>
    </Filter>
    <Filter Include="Components\Delegate">
      <UniqueIdentifier>{9cccff37-ef40-4323-86a8-14cb62917162}</UniqueIdentifier>
    </Filter>
  </ItemGroup>
  <ItemGroup>
    <ClCompile Include="main.cpp">
      <Filter>Исходные файлы</Filter>
    </ClCompile>
    <ClCompile Include="Unit.cpp">
      <Filter>Components\Unit</Filter>
    </ClCompile>
    <ClCompile Include="Warrior.cpp">
      <Filter>Components\Unit</Filter>
    </ClCompile>
    <ClCompile Include="Player.cpp">
      <Filter>Components\Player</Filter>
    </ClCompile>
    <ClCompile Include="Game.cpp">
      <Filter>Game</Filter>
    </ClCompile>
    <ClCompile Include="Camera.cpp">
      <Filter>Components\Camera</Filter>
    </ClCompile>
    <ClCompile Include="Math.cpp">
      <Filter>Math</Filter>
    </ClCompile>
    <ClCompile Include="Vector2.cpp">
      <Filter>Math\Vector2</Filter>
    </ClCompile>
    <ClCompile Include="ProjectPath.cpp">
      <Filter>Resources</Filter>
    </ClCompile>
    <ClCompile Include="Sprite.cpp">
      <Filter>Components\Sprite</Filter>
    </ClCompile>
    <ClCompile Include="Collision.cpp">
      <Filter>Components\Collision</Filter>
    </ClCompile>
    <ClCompile Include="UnitEventHandler.cpp">
      <Filter>Components\EventSystem</Filter>
    </ClCompile>
    <ClCompile Include="PlayerInput.cpp">
      <Filter>Input</Filter>
    </ClCompile>
    <ClCompile Include="GUI.cpp">
      <Filter>GUI</Filter>
    </ClCompile>
    <ClCompile Include="DrawableLayer.cpp">
      <Filter>Drawable</Filter>
    </ClCompile>
    <ClCompile Include="DrawableObject.cpp">
      <Filter>Drawable</Filter>
    </ClCompile>
    <ClCompile Include="DrawableContainer.cpp">
      <Filter>Drawable</Filter>
    </ClCompile>
    <ClCompile Include="GUIText.cpp">
      <Filter>GUI</Filter>
    </ClCompile>
    <ClCompile Include="Resources.cpp">
      <Filter>Resources</Filter>
    </ClCompile>
    <ClCompile Include="GUIImage.cpp">
      <Filter>GUI</Filter>
    </ClCompile>
    <ClCompile Include="GUIButton.cpp">
      <Filter>GUI</Filter>
    </ClCompile>
    <ClCompile Include="GUIElement.cpp">
      <Filter>GUI</Filter>
    </ClCompile>
    <ClCompile Include="Animator.cpp">
      <Filter>Components\Animator</Filter>
    </ClCompile>
    <ClCompile Include="Animation.cpp">
      <Filter>Components\Animation</Filter>
    </ClCompile>
    <ClCompile Include="GUITextField.cpp">
      <Filter>GUI</Filter>
    </ClCompile>
  </ItemGroup>
  <ItemGroup>
    <ClInclude Include="Unit.h">
      <Filter>Components\Unit</Filter>
    </ClInclude>
    <ClInclude Include="Warrior.h">
      <Filter>Components\Unit</Filter>
    </ClInclude>
    <ClInclude Include="Player.h">
      <Filter>Components\Player</Filter>
    </ClInclude>
    <ClInclude Include="Game.h">
      <Filter>Game</Filter>
    </ClInclude>
    <ClInclude Include="Camera.h">
      <Filter>Components\Camera</Filter>
    </ClInclude>
    <ClInclude Include="Math.h">
      <Filter>Math</Filter>
    </ClInclude>
    <ClInclude Include="Vector2.h">
      <Filter>Math\Vector2</Filter>
    </ClInclude>
    <ClInclude Include="Sprite.h">
      <Filter>Components\Sprite</Filter>
    </ClInclude>
    <ClInclude Include="Collision.h">
      <Filter>Components\Collision</Filter>
    </ClInclude>
    <ClInclude Include="UnitEventHandler.h">
      <Filter>Components\EventSystem</Filter>
    </ClInclude>
    <ClInclude Include="resource.h">
      <Filter>Файлы заголовков</Filter>
    </ClInclude>
    <ClInclude Include="PlayerInput.h">
      <Filter>Input</Filter>
    </ClInclude>
    <ClInclude Include="GUI.h">
      <Filter>GUI</Filter>
    </ClInclude>
    <ClInclude Include="DrawableLayer.h">
      <Filter>Drawable</Filter>
    </ClInclude>
    <ClInclude Include="DrawableObject.h">
      <Filter>Drawable</Filter>
    </ClInclude>
    <ClInclude Include="DrawableContainer.h">
      <Filter>Drawable</Filter>
    </ClInclude>
    <ClInclude Include="GUIText.h">
      <Filter>GUI</Filter>
    </ClInclude>
    <ClInclude Include="GUIImage.h">
      <Filter>GUI</Filter>
    </ClInclude>
    <ClInclude Include="struct.h">
      <Filter>Math\DataStruct</Filter>
    </ClInclude>
    <ClInclude Include="GUIButton.h">
      <Filter>GUI</Filter>
    </ClInclude>
    <ClInclude Include="GUIElement.h">
      <Filter>GUI</Filter>
    </ClInclude>
    <ClInclude Include="Animator.h">
      <Filter>Components\Animator</Filter>
    </ClInclude>
    <ClInclude Include="Animation.h">
      <Filter>Components\Animation</Filter>
    </ClInclude>
    <ClInclude Include="GUITextField.h">
      <Filter>GUI</Filter>
    </ClInclude>
  </ItemGroup>
  <ItemGroup>
    <ResourceCompile Include="Game.rc">
      <Filter>Файлы ресурсов</Filter>
    </ResourceCompile>
  </ItemGroup>
</Project>